// !$*UTF8*$!
{
	archiveVersion = 1;
	classes = {
	};
	objectVersion = 46;
	objects = {

/* Begin PBXBuildFile section */
		5105701E1BBEE187005080FE /* MessageStorage.swift in Sources */ = {isa = PBXBuildFile; fileRef = 5105701D1BBEE187005080FE /* MessageStorage.swift */; };
		513B6A151BA72A2F00727A41 /* AppDelegate.swift in Sources */ = {isa = PBXBuildFile; fileRef = 513B6A141BA72A2F00727A41 /* AppDelegate.swift */; };
		513B6A1C1BA72A2F00727A41 /* Images.xcassets in Resources */ = {isa = PBXBuildFile; fileRef = 513B6A1B1BA72A2F00727A41 /* Images.xcassets */; };
		513B6A1F1BA72A2F00727A41 /* LaunchScreen.xib in Resources */ = {isa = PBXBuildFile; fileRef = 513B6A1D1BA72A2F00727A41 /* LaunchScreen.xib */; };
		513B6A431BA72A9100727A41 /* Main.storyboard in Resources */ = {isa = PBXBuildFile; fileRef = 513B6A421BA72A9100727A41 /* Main.storyboard */; };
		516F23D41BAFFC1300BF427F /* WelcomeViewController.swift in Sources */ = {isa = PBXBuildFile; fileRef = 516F23D31BAFFC1300BF427F /* WelcomeViewController.swift */; };
		516F24621BB0057E00BF427F /* MDGClient.swift in Sources */ = {isa = PBXBuildFile; fileRef = 516F24611BB0057E00BF427F /* MDGClient.swift */; };
		516F24641BB015DA00BF427F /* PairAsAppViewController.swift in Sources */ = {isa = PBXBuildFile; fileRef = 516F24631BB015DA00BF427F /* PairAsAppViewController.swift */; };
		516F24661BB0219700BF427F /* PairAsDeviceViewController.swift in Sources */ = {isa = PBXBuildFile; fileRef = 516F24651BB0219700BF427F /* PairAsDeviceViewController.swift */; };
		516F246A1BB02B0000BF427F /* ChatWithPeerViewController.swift in Sources */ = {isa = PBXBuildFile; fileRef = 516F24691BB02B0000BF427F /* ChatWithPeerViewController.swift */; };
		516F246C1BB0339500BF427F /* PeerSelectionViewController.swift in Sources */ = {isa = PBXBuildFile; fileRef = 516F246B1BB0339500BF427F /* PeerSelectionViewController.swift */; };
		516F24711BB044B700BF427F /* MessageCell.swift in Sources */ = {isa = PBXBuildFile; fileRef = 516F246F1BB044B700BF427F /* MessageCell.swift */; };
		5197C4D81BB12B1F00057EAD /* CoreMotion.framework in Frameworks */ = {isa = PBXBuildFile; fileRef = 5197C4D71BB12B1F00057EAD /* CoreMotion.framework */; };
		5197C4DA1BB12B2700057EAD /* AudioToolbox.framework in Frameworks */ = {isa = PBXBuildFile; fileRef = 5197C4D91BB12B2700057EAD /* AudioToolbox.framework */; };
		5197C4DC1BB12B3100057EAD /* SystemConfiguration.framework in Frameworks */ = {isa = PBXBuildFile; fileRef = 5197C4DB1BB12B3100057EAD /* SystemConfiguration.framework */; };
		5197C4F11BB2A95600057EAD /* libz.tbd in Frameworks */ = {isa = PBXBuildFile; fileRef = 5197C4DD1BB12B7F00057EAD /* libz.tbd */; };
		5B005D9C1D7464DE00055CDC /* MDGPeers.swift in Sources */ = {isa = PBXBuildFile; fileRef = 5B005D9B1D7464DE00055CDC /* MDGPeers.swift */; };
		5B30D32B1D6AFFC8005106C8 /* MDG.framework in Frameworks */ = {isa = PBXBuildFile; fileRef = 516DEED11BE8C51700AB9E10 /* MDG.framework */; };
		5B30D32C1D6AFFC8005106C8 /* MDG.framework in Embed Frameworks */ = {isa = PBXBuildFile; fileRef = 516DEED11BE8C51700AB9E10 /* MDG.framework */; settings = {ATTRIBUTES = (CodeSignOnCopy, RemoveHeadersOnCopy, ); }; };
		5B3CECF01DBDE43600EDD504 /* LogView.swift in Sources */ = {isa = PBXBuildFile; fileRef = 5B3CECEF1DBDE43600EDD504 /* LogView.swift */; };
		5B7ABD751D63306200D40AD0 /* FrontTableViewController.swift in Sources */ = {isa = PBXBuildFile; fileRef = 5B7ABD741D63306200D40AD0 /* FrontTableViewController.swift */; };
		E1CC9A66C5CD5ED3457CF7B8 /* Pods_MDGChat.framework in Frameworks */ = {isa = PBXBuildFile; fileRef = 467403A14D4136BDE5C7B0FD /* Pods_MDGChat.framework */; };
/* End PBXBuildFile section */

/* Begin PBXCopyFilesBuildPhase section */
		5B30D32D1D6AFFC8005106C8 /* Embed Frameworks */ = {
			isa = PBXCopyFilesBuildPhase;
			buildActionMask = 2147483647;
			dstPath = "";
			dstSubfolderSpec = 10;
			files = (
				5B30D32C1D6AFFC8005106C8 /* MDG.framework in Embed Frameworks */,
			);
			name = "Embed Frameworks";
			runOnlyForDeploymentPostprocessing = 0;
		};
/* End PBXCopyFilesBuildPhase section */

/* Begin PBXFileReference section */
		1874930CA256E138811E7F04 /* Pods-MDGChatTests.debug.xcconfig */ = {isa = PBXFileReference; includeInIndex = 1; lastKnownFileType = text.xcconfig; name = "Pods-MDGChatTests.debug.xcconfig"; path = "Pods/Target Support Files/Pods-MDGChatTests/Pods-MDGChatTests.debug.xcconfig"; sourceTree = "<group>"; };
		467403A14D4136BDE5C7B0FD /* Pods_MDGChat.framework */ = {isa = PBXFileReference; explicitFileType = wrapper.framework; includeInIndex = 0; path = Pods_MDGChat.framework; sourceTree = BUILT_PRODUCTS_DIR; };
		5105701D1BBEE187005080FE /* MessageStorage.swift */ = {isa = PBXFileReference; fileEncoding = 4; lastKnownFileType = sourcecode.swift; path = MessageStorage.swift; sourceTree = "<group>"; };
		513B6A0F1BA72A2F00727A41 /* SDG Tool.app */ = {isa = PBXFileReference; explicitFileType = wrapper.application; includeInIndex = 0; path = "SDG Tool.app"; sourceTree = BUILT_PRODUCTS_DIR; };
		513B6A131BA72A2F00727A41 /* Info.plist */ = {isa = PBXFileReference; lastKnownFileType = text.plist.xml; path = Info.plist; sourceTree = "<group>"; };
		513B6A141BA72A2F00727A41 /* AppDelegate.swift */ = {isa = PBXFileReference; lastKnownFileType = sourcecode.swift; path = AppDelegate.swift; sourceTree = "<group>"; };
		513B6A1B1BA72A2F00727A41 /* Images.xcassets */ = {isa = PBXFileReference; lastKnownFileType = folder.assetcatalog; path = Images.xcassets; sourceTree = "<group>"; };
		513B6A1E1BA72A2F00727A41 /* Base */ = {isa = PBXFileReference; lastKnownFileType = file.xib; name = Base; path = Base.lproj/LaunchScreen.xib; sourceTree = "<group>"; };
		513B6A421BA72A9100727A41 /* Main.storyboard */ = {isa = PBXFileReference; fileEncoding = 4; lastKnownFileType = file.storyboard; path = Main.storyboard; sourceTree = "<group>"; };
		516DEED11BE8C51700AB9E10 /* MDG.framework */ = {isa = PBXFileReference; lastKnownFileType = wrapper.framework; path = MDG.framework; sourceTree = "<group>"; };
		516F23D31BAFFC1300BF427F /* WelcomeViewController.swift */ = {isa = PBXFileReference; fileEncoding = 4; lastKnownFileType = sourcecode.swift; path = WelcomeViewController.swift; sourceTree = "<group>"; };
		516F24611BB0057E00BF427F /* MDGClient.swift */ = {isa = PBXFileReference; fileEncoding = 4; lastKnownFileType = sourcecode.swift; path = MDGClient.swift; sourceTree = "<group>"; };
		516F24631BB015DA00BF427F /* PairAsAppViewController.swift */ = {isa = PBXFileReference; fileEncoding = 4; lastKnownFileType = sourcecode.swift; path = PairAsAppViewController.swift; sourceTree = "<group>"; };
		516F24651BB0219700BF427F /* PairAsDeviceViewController.swift */ = {isa = PBXFileReference; fileEncoding = 4; lastKnownFileType = sourcecode.swift; path = PairAsDeviceViewController.swift; sourceTree = "<group>"; };
		516F24691BB02B0000BF427F /* ChatWithPeerViewController.swift */ = {isa = PBXFileReference; fileEncoding = 4; lastKnownFileType = sourcecode.swift; path = ChatWithPeerViewController.swift; sourceTree = "<group>"; };
		516F246B1BB0339500BF427F /* PeerSelectionViewController.swift */ = {isa = PBXFileReference; fileEncoding = 4; lastKnownFileType = sourcecode.swift; path = PeerSelectionViewController.swift; sourceTree = "<group>"; };
		516F246F1BB044B700BF427F /* MessageCell.swift */ = {isa = PBXFileReference; fileEncoding = 4; lastKnownFileType = sourcecode.swift; path = MessageCell.swift; sourceTree = "<group>"; };
		5197C4D71BB12B1F00057EAD /* CoreMotion.framework */ = {isa = PBXFileReference; lastKnownFileType = wrapper.framework; name = CoreMotion.framework; path = System/Library/Frameworks/CoreMotion.framework; sourceTree = SDKROOT; };
		5197C4D91BB12B2700057EAD /* AudioToolbox.framework */ = {isa = PBXFileReference; lastKnownFileType = wrapper.framework; name = AudioToolbox.framework; path = System/Library/Frameworks/AudioToolbox.framework; sourceTree = SDKROOT; };
		5197C4DB1BB12B3100057EAD /* SystemConfiguration.framework */ = {isa = PBXFileReference; lastKnownFileType = wrapper.framework; name = SystemConfiguration.framework; path = System/Library/Frameworks/SystemConfiguration.framework; sourceTree = SDKROOT; };
		5197C4DD1BB12B7F00057EAD /* libz.tbd */ = {isa = PBXFileReference; lastKnownFileType = "sourcecode.text-based-dylib-definition"; name = libz.tbd; path = usr/lib/libz.tbd; sourceTree = SDKROOT; };
		5B005D9B1D7464DE00055CDC /* MDGPeers.swift */ = {isa = PBXFileReference; fileEncoding = 4; lastKnownFileType = sourcecode.swift; path = MDGPeers.swift; sourceTree = "<group>"; };
		5B3CECEF1DBDE43600EDD504 /* LogView.swift */ = {isa = PBXFileReference; fileEncoding = 4; lastKnownFileType = sourcecode.swift; path = LogView.swift; sourceTree = "<group>"; };
		5B7ABD741D63306200D40AD0 /* FrontTableViewController.swift */ = {isa = PBXFileReference; fileEncoding = 4; lastKnownFileType = sourcecode.swift; path = FrontTableViewController.swift; sourceTree = "<group>"; };
		634EEACDD068F94E5945F942 /* Pods_MDGChatTests.framework */ = {isa = PBXFileReference; explicitFileType = wrapper.framework; includeInIndex = 0; path = Pods_MDGChatTests.framework; sourceTree = BUILT_PRODUCTS_DIR; };
		7527463DAD60155ABBF7CFC5 /* Pods-MDGChatTests.release.xcconfig */ = {isa = PBXFileReference; includeInIndex = 1; lastKnownFileType = text.xcconfig; name = "Pods-MDGChatTests.release.xcconfig"; path = "Pods/Target Support Files/Pods-MDGChatTests/Pods-MDGChatTests.release.xcconfig"; sourceTree = "<group>"; };
		B6F23A3E1810E684739CFCEF /* Pods-MDGChat.debug.xcconfig */ = {isa = PBXFileReference; includeInIndex = 1; lastKnownFileType = text.xcconfig; name = "Pods-MDGChat.debug.xcconfig"; path = "Pods/Target Support Files/Pods-MDGChat/Pods-MDGChat.debug.xcconfig"; sourceTree = "<group>"; };
		CB701B164017E2357927B953 /* Pods-MDGChat.release.xcconfig */ = {isa = PBXFileReference; includeInIndex = 1; lastKnownFileType = text.xcconfig; name = "Pods-MDGChat.release.xcconfig"; path = "Pods/Target Support Files/Pods-MDGChat/Pods-MDGChat.release.xcconfig"; sourceTree = "<group>"; };
/* End PBXFileReference section */

/* Begin PBXFrameworksBuildPhase section */
		513B6A0C1BA72A2F00727A41 /* Frameworks */ = {
			isa = PBXFrameworksBuildPhase;
			buildActionMask = 2147483647;
			files = (
				5B30D32B1D6AFFC8005106C8 /* MDG.framework in Frameworks */,
				5197C4F11BB2A95600057EAD /* libz.tbd in Frameworks */,
				5197C4DC1BB12B3100057EAD /* SystemConfiguration.framework in Frameworks */,
				5197C4DA1BB12B2700057EAD /* AudioToolbox.framework in Frameworks */,
				5197C4D81BB12B1F00057EAD /* CoreMotion.framework in Frameworks */,
				E1CC9A66C5CD5ED3457CF7B8 /* Pods_MDGChat.framework in Frameworks */,
			);
			runOnlyForDeploymentPostprocessing = 0;
		};
/* End PBXFrameworksBuildPhase section */

/* Begin PBXGroup section */
		0CB7DD5712F8100A7ACCA3B7 /* Pods */ = {
			isa = PBXGroup;
			children = (
				B6F23A3E1810E684739CFCEF /* Pods-MDGChat.debug.xcconfig */,
				CB701B164017E2357927B953 /* Pods-MDGChat.release.xcconfig */,
				1874930CA256E138811E7F04 /* Pods-MDGChatTests.debug.xcconfig */,
				7527463DAD60155ABBF7CFC5 /* Pods-MDGChatTests.release.xcconfig */,
			);
			name = Pods;
			sourceTree = "<group>";
		};
		2C1E6A485DFC8B74F8510B30 /* Frameworks */ = {
			isa = PBXGroup;
			children = (
				5197C4DD1BB12B7F00057EAD /* libz.tbd */,
				5197C4DB1BB12B3100057EAD /* SystemConfiguration.framework */,
				5197C4D91BB12B2700057EAD /* AudioToolbox.framework */,
				5197C4D71BB12B1F00057EAD /* CoreMotion.framework */,
				467403A14D4136BDE5C7B0FD /* Pods_MDGChat.framework */,
				634EEACDD068F94E5945F942 /* Pods_MDGChatTests.framework */,
			);
			name = Frameworks;
			sourceTree = "<group>";
		};
		513B6A061BA72A2F00727A41 = {
			isa = PBXGroup;
			children = (
				513B6A111BA72A2F00727A41 /* MDGChat */,
				513B6A341BA72A4500727A41 /* Externals */,
				513B6A101BA72A2F00727A41 /* Products */,
				2C1E6A485DFC8B74F8510B30 /* Frameworks */,
				0CB7DD5712F8100A7ACCA3B7 /* Pods */,
			);
			sourceTree = "<group>";
		};
		513B6A101BA72A2F00727A41 /* Products */ = {
			isa = PBXGroup;
			children = (
				513B6A0F1BA72A2F00727A41 /* SDG Tool.app */,
			);
			name = Products;
			sourceTree = "<group>";
		};
		513B6A111BA72A2F00727A41 /* MDGChat */ = {
			isa = PBXGroup;
			children = (
				513B6A141BA72A2F00727A41 /* AppDelegate.swift */,
				5B7ABD741D63306200D40AD0 /* FrontTableViewController.swift */,
				516F23D31BAFFC1300BF427F /* WelcomeViewController.swift */,
				516F24631BB015DA00BF427F /* PairAsAppViewController.swift */,
				516F24651BB0219700BF427F /* PairAsDeviceViewController.swift */,
				516F246B1BB0339500BF427F /* PeerSelectionViewController.swift */,
				516F24691BB02B0000BF427F /* ChatWithPeerViewController.swift */,
				5B3CECEF1DBDE43600EDD504 /* LogView.swift */,
				516F246F1BB044B700BF427F /* MessageCell.swift */,
				5105701D1BBEE187005080FE /* MessageStorage.swift */,
				516F24611BB0057E00BF427F /* MDGClient.swift */,
				5B005D9B1D7464DE00055CDC /* MDGPeers.swift */,
				513B6A421BA72A9100727A41 /* Main.storyboard */,
				513B6A1D1BA72A2F00727A41 /* LaunchScreen.xib */,
				513B6A1B1BA72A2F00727A41 /* Images.xcassets */,
				513B6A121BA72A2F00727A41 /* Supporting Files */,
			);
			path = MDGChat;
			sourceTree = "<group>";
		};
		513B6A121BA72A2F00727A41 /* Supporting Files */ = {
			isa = PBXGroup;
			children = (
				513B6A131BA72A2F00727A41 /* Info.plist */,
			);
			name = "Supporting Files";
			sourceTree = "<group>";
		};
		513B6A341BA72A4500727A41 /* Externals */ = {
			isa = PBXGroup;
			children = (
				516DEED11BE8C51700AB9E10 /* MDG.framework */,
			);
			path = Externals;
			sourceTree = "<group>";
		};
/* End PBXGroup section */

/* Begin PBXNativeTarget section */
		513B6A0E1BA72A2F00727A41 /* MDGChat */ = {
			isa = PBXNativeTarget;
			buildConfigurationList = 513B6A2E1BA72A2F00727A41 /* Build configuration list for PBXNativeTarget "MDGChat" */;
			buildPhases = (
				765ED6E541B6A436A0CEFD50 /* [CP] Check Pods Manifest.lock */,
				513B6A0B1BA72A2F00727A41 /* Sources */,
				513B6A0C1BA72A2F00727A41 /* Frameworks */,
				513B6A0D1BA72A2F00727A41 /* Resources */,
				5B99240F1D5DF87C00113D01 /* SwiftLint */,
				B4CF0FF87D4FCAF78A3398C0 /* [CP] Embed Pods Frameworks */,
				EA55452DB8EA5794E146C479 /* [CP] Copy Pods Resources */,
				5B30D32D1D6AFFC8005106C8 /* Embed Frameworks */,
			);
			buildRules = (
			);
			dependencies = (
			);
			name = MDGChat;
			productName = TDGChat;
			productReference = 513B6A0F1BA72A2F00727A41 /* SDG Tool.app */;
			productType = "com.apple.product-type.application";
		};
/* End PBXNativeTarget section */

/* Begin PBXProject section */
		513B6A071BA72A2F00727A41 /* Project object */ = {
			isa = PBXProject;
			attributes = {
				LastSwiftMigration = 0700;
				LastSwiftUpdateCheck = 0700;
				LastUpgradeCheck = 0800;
				ORGANIZATIONNAME = "Trifork A/S";
				TargetAttributes = {
					513B6A0E1BA72A2F00727A41 = {
						CreatedOnToolsVersion = 6.4;
						DevelopmentTeam = ZZGMPFLA2F;
						LastSwiftMigration = 0800;
						SystemCapabilities = {
							com.apple.Keychain = {
								enabled = 0;
							};
						};
					};
				};
			};
			buildConfigurationList = 513B6A0A1BA72A2F00727A41 /* Build configuration list for PBXProject "MDGChat" */;
			compatibilityVersion = "Xcode 3.2";
			developmentRegion = English;
			hasScannedForEncodings = 0;
			knownRegions = (
				en,
				Base,
			);
			mainGroup = 513B6A061BA72A2F00727A41;
			productRefGroup = 513B6A101BA72A2F00727A41 /* Products */;
			projectDirPath = "";
			projectRoot = "";
			targets = (
				513B6A0E1BA72A2F00727A41 /* MDGChat */,
			);
		};
/* End PBXProject section */

/* Begin PBXResourcesBuildPhase section */
		513B6A0D1BA72A2F00727A41 /* Resources */ = {
			isa = PBXResourcesBuildPhase;
			buildActionMask = 2147483647;
			files = (
				513B6A1F1BA72A2F00727A41 /* LaunchScreen.xib in Resources */,
				513B6A1C1BA72A2F00727A41 /* Images.xcassets in Resources */,
				513B6A431BA72A9100727A41 /* Main.storyboard in Resources */,
			);
			runOnlyForDeploymentPostprocessing = 0;
		};
/* End PBXResourcesBuildPhase section */

/* Begin PBXShellScriptBuildPhase section */
		5B99240F1D5DF87C00113D01 /* SwiftLint */ = {
			isa = PBXShellScriptBuildPhase;
			buildActionMask = 2147483647;
			files = (
			);
			inputPaths = (
			);
			name = SwiftLint;
			outputPaths = (
			);
			runOnlyForDeploymentPostprocessing = 0;
			shellPath = /bin/sh;
			shellScript = "if which swiftlint >/dev/null; then\n    swiftlint\nfi";
		};
		765ED6E541B6A436A0CEFD50 /* [CP] Check Pods Manifest.lock */ = {
			isa = PBXShellScriptBuildPhase;
			buildActionMask = 2147483647;
			files = (
			);
			inputPaths = (
			);
			name = "[CP] Check Pods Manifest.lock";
			outputPaths = (
			);
			runOnlyForDeploymentPostprocessing = 0;
			shellPath = /bin/sh;
			shellScript = "diff \"${PODS_ROOT}/../Podfile.lock\" \"${PODS_ROOT}/Manifest.lock\" > /dev/null\nif [ $? != 0 ] ; then\n    # print error to STDERR\n    echo \"error: The sandbox is not in sync with the Podfile.lock. Run 'pod install' or update your CocoaPods installation.\" >&2\n    exit 1\nfi\n";
			showEnvVarsInLog = 0;
		};
		B4CF0FF87D4FCAF78A3398C0 /* [CP] Embed Pods Frameworks */ = {
			isa = PBXShellScriptBuildPhase;
			buildActionMask = 2147483647;
			files = (
			);
			inputPaths = (
			);
			name = "[CP] Embed Pods Frameworks";
			outputPaths = (
			);
			runOnlyForDeploymentPostprocessing = 0;
			shellPath = /bin/sh;
			shellScript = "\"${SRCROOT}/Pods/Target Support Files/Pods-MDGChat/Pods-MDGChat-frameworks.sh\"\n";
			showEnvVarsInLog = 0;
		};
		EA55452DB8EA5794E146C479 /* [CP] Copy Pods Resources */ = {
			isa = PBXShellScriptBuildPhase;
			buildActionMask = 2147483647;
			files = (
			);
			inputPaths = (
			);
			name = "[CP] Copy Pods Resources";
			outputPaths = (
			);
			runOnlyForDeploymentPostprocessing = 0;
			shellPath = /bin/sh;
			shellScript = "\"${SRCROOT}/Pods/Target Support Files/Pods-MDGChat/Pods-MDGChat-resources.sh\"\n";
			showEnvVarsInLog = 0;
		};
/* End PBXShellScriptBuildPhase section */

/* Begin PBXSourcesBuildPhase section */
		513B6A0B1BA72A2F00727A41 /* Sources */ = {
			isa = PBXSourcesBuildPhase;
			buildActionMask = 2147483647;
			files = (
				516F24641BB015DA00BF427F /* PairAsAppViewController.swift in Sources */,
				5B3CECF01DBDE43600EDD504 /* LogView.swift in Sources */,
				516F24621BB0057E00BF427F /* MDGClient.swift in Sources */,
				516F246C1BB0339500BF427F /* PeerSelectionViewController.swift in Sources */,
				5B005D9C1D7464DE00055CDC /* MDGPeers.swift in Sources */,
				5B7ABD751D63306200D40AD0 /* FrontTableViewController.swift in Sources */,
				516F24711BB044B700BF427F /* MessageCell.swift in Sources */,
				513B6A151BA72A2F00727A41 /* AppDelegate.swift in Sources */,
				5105701E1BBEE187005080FE /* MessageStorage.swift in Sources */,
				516F24661BB0219700BF427F /* PairAsDeviceViewController.swift in Sources */,
				516F246A1BB02B0000BF427F /* ChatWithPeerViewController.swift in Sources */,
				516F23D41BAFFC1300BF427F /* WelcomeViewController.swift in Sources */,
			);
			runOnlyForDeploymentPostprocessing = 0;
		};
/* End PBXSourcesBuildPhase section */

/* Begin PBXVariantGroup section */
		513B6A1D1BA72A2F00727A41 /* LaunchScreen.xib */ = {
			isa = PBXVariantGroup;
			children = (
				513B6A1E1BA72A2F00727A41 /* Base */,
			);
			name = LaunchScreen.xib;
			sourceTree = "<group>";
		};
/* End PBXVariantGroup section */

/* Begin XCBuildConfiguration section */
		513B6A2C1BA72A2F00727A41 /* Debug */ = {
			isa = XCBuildConfiguration;
			buildSettings = {
				ALWAYS_SEARCH_USER_PATHS = NO;
				CLANG_CXX_LANGUAGE_STANDARD = "gnu++0x";
				CLANG_CXX_LIBRARY = "libc++";
				CLANG_ENABLE_MODULES = YES;
				CLANG_ENABLE_OBJC_ARC = YES;
				CLANG_WARN_BOOL_CONVERSION = YES;
				CLANG_WARN_CONSTANT_CONVERSION = YES;
				CLANG_WARN_DIRECT_OBJC_ISA_USAGE = YES_ERROR;
				CLANG_WARN_EMPTY_BODY = YES;
				CLANG_WARN_ENUM_CONVERSION = YES;
				CLANG_WARN_INFINITE_RECURSION = YES;
				CLANG_WARN_INT_CONVERSION = YES;
				CLANG_WARN_OBJC_ROOT_CLASS = YES_ERROR;
				CLANG_WARN_SUSPICIOUS_MOVE = YES;
				CLANG_WARN_UNREACHABLE_CODE = YES;
				CLANG_WARN__DUPLICATE_METHOD_MATCH = YES;
				CODE_SIGN_IDENTITY = "iPhone Developer";
				COPY_PHASE_STRIP = NO;
				DEBUG_INFORMATION_FORMAT = "dwarf-with-dsym";
				ENABLE_STRICT_OBJC_MSGSEND = YES;
				ENABLE_TESTABILITY = YES;
				GCC_C_LANGUAGE_STANDARD = gnu99;
				GCC_DYNAMIC_NO_PIC = NO;
				GCC_NO_COMMON_BLOCKS = YES;
				GCC_OPTIMIZATION_LEVEL = 0;
				GCC_PREPROCESSOR_DEFINITIONS = (
					"DEBUG=1",
					"$(inherited)",
				);
				GCC_SYMBOLS_PRIVATE_EXTERN = NO;
				GCC_WARN_64_TO_32_BIT_CONVERSION = YES;
				GCC_WARN_ABOUT_RETURN_TYPE = YES_ERROR;
				GCC_WARN_UNDECLARED_SELECTOR = YES;
				GCC_WARN_UNINITIALIZED_AUTOS = YES_AGGRESSIVE;
				GCC_WARN_UNUSED_FUNCTION = YES;
				GCC_WARN_UNUSED_VARIABLE = YES;
				IPHONEOS_DEPLOYMENT_TARGET = 8.4;
				MTL_ENABLE_DEBUG_INFO = YES;
				ONLY_ACTIVE_ARCH = YES;
				SDKROOT = iphoneos;
				SWIFT_OPTIMIZATION_LEVEL = "-Onone";
			};
			name = Debug;
		};
		513B6A2D1BA72A2F00727A41 /* Release */ = {
			isa = XCBuildConfiguration;
			buildSettings = {
				ALWAYS_SEARCH_USER_PATHS = NO;
				CLANG_CXX_LANGUAGE_STANDARD = "gnu++0x";
				CLANG_CXX_LIBRARY = "libc++";
				CLANG_ENABLE_MODULES = YES;
				CLANG_ENABLE_OBJC_ARC = YES;
				CLANG_WARN_BOOL_CONVERSION = YES;
				CLANG_WARN_CONSTANT_CONVERSION = YES;
				CLANG_WARN_DIRECT_OBJC_ISA_USAGE = YES_ERROR;
				CLANG_WARN_EMPTY_BODY = YES;
				CLANG_WARN_ENUM_CONVERSION = YES;
				CLANG_WARN_INFINITE_RECURSION = YES;
				CLANG_WARN_INT_CONVERSION = YES;
				CLANG_WARN_OBJC_ROOT_CLASS = YES_ERROR;
				CLANG_WARN_SUSPICIOUS_MOVE = YES;
				CLANG_WARN_UNREACHABLE_CODE = YES;
				CLANG_WARN__DUPLICATE_METHOD_MATCH = YES;
				CODE_SIGN_IDENTITY = "iPhone Distribution";
				COPY_PHASE_STRIP = NO;
				DEBUG_INFORMATION_FORMAT = "dwarf-with-dsym";
				ENABLE_NS_ASSERTIONS = NO;
				ENABLE_STRICT_OBJC_MSGSEND = YES;
				GCC_C_LANGUAGE_STANDARD = gnu99;
				GCC_NO_COMMON_BLOCKS = YES;
				GCC_WARN_64_TO_32_BIT_CONVERSION = YES;
				GCC_WARN_ABOUT_RETURN_TYPE = YES_ERROR;
				GCC_WARN_UNDECLARED_SELECTOR = YES;
				GCC_WARN_UNINITIALIZED_AUTOS = YES_AGGRESSIVE;
				GCC_WARN_UNUSED_FUNCTION = YES;
				GCC_WARN_UNUSED_VARIABLE = YES;
				IPHONEOS_DEPLOYMENT_TARGET = 8.4;
				MTL_ENABLE_DEBUG_INFO = NO;
				SDKROOT = iphoneos;
				SWIFT_OPTIMIZATION_LEVEL = "-Owholemodule";
				VALIDATE_PRODUCT = YES;
			};
			name = Release;
		};
		513B6A2F1BA72A2F00727A41 /* Debug */ = {
			isa = XCBuildConfiguration;
			baseConfigurationReference = B6F23A3E1810E684739CFCEF /* Pods-MDGChat.debug.xcconfig */;
			buildSettings = {
				ASSETCATALOG_COMPILER_APPICON_NAME = AppIcon;
				CODE_SIGN_IDENTITY = "iPhone Developer";
				DEVELOPMENT_TEAM = ZZGMPFLA2F;
				FRAMEWORK_SEARCH_PATHS = (
					"$(inherited)",
					"$(PROJECT_DIR)/Externals",
				);
				INFOPLIST_FILE = MDGChat/Info.plist;
				IPHONEOS_DEPLOYMENT_TARGET = 8.0;
				LD_RUNPATH_SEARCH_PATHS = "$(inherited) @executable_path/Frameworks";
				OTHER_SWIFT_FLAGS = "$(inherited) -DDEBUG";
				PRODUCT_BUNDLE_IDENTIFIER = com.trifork.securedevicegrid;
				PRODUCT_NAME = "SDG Tool";
				SWIFT_VERSION = 3.0;
			};
			name = Debug;
		};
		513B6A301BA72A2F00727A41 /* Release */ = {
			isa = XCBuildConfiguration;
			baseConfigurationReference = CB701B164017E2357927B953 /* Pods-MDGChat.release.xcconfig */;
			buildSettings = {
				ASSETCATALOG_COMPILER_APPICON_NAME = AppIcon;
				CODE_SIGN_IDENTITY = "iPhone Developer";
				DEVELOPMENT_TEAM = ZZGMPFLA2F;
				FRAMEWORK_SEARCH_PATHS = (
					"$(inherited)",
					"$(PROJECT_DIR)/Externals",
				);
				INFOPLIST_FILE = MDGChat/Info.plist;
				IPHONEOS_DEPLOYMENT_TARGET = 8.0;
				LD_RUNPATH_SEARCH_PATHS = "$(inherited) @executable_path/Frameworks";
				OTHER_SWIFT_FLAGS = "$(inherited)";
				PRODUCT_BUNDLE_IDENTIFIER = com.trifork.securedevicegrid;
				PRODUCT_NAME = "SDG Tool";
				SWIFT_VERSION = 3.0;
			};
			name = Release;
		};
/* End XCBuildConfiguration section */

/* Begin XCConfigurationList section */
		513B6A0A1BA72A2F00727A41 /* Build configuration list for PBXProject "MDGChat" */ = {
			isa = XCConfigurationList;
			buildConfigurations = (
				513B6A2C1BA72A2F00727A41 /* Debug */,
				513B6A2D1BA72A2F00727A41 /* Release */,
			);
			defaultConfigurationIsVisible = 0;
			defaultConfigurationName = Release;
		};
		513B6A2E1BA72A2F00727A41 /* Build configuration list for PBXNativeTarget "MDGChat" */ = {
			isa = XCConfigurationList;
			buildConfigurations = (
				513B6A2F1BA72A2F00727A41 /* Debug */,
				513B6A301BA72A2F00727A41 /* Release */,
			);
			defaultConfigurationIsVisible = 0;
			defaultConfigurationName = Release;
		};
/* End XCConfigurationList section */
	};
	rootObject = 513B6A071BA72A2F00727A41 /* Project object */;
}
