PODS:
  - IQKeyboardManagerSwift (4.0.4)
  - SlackTextViewController (1.9.4)
  - Valet (2.2.2)

DEPENDENCIES:
  - IQKeyboardManagerSwift
  - SlackTextViewController
  - Valet

SPEC CHECKSUMS:
  IQKeyboardManagerSwift: e0964d04d6a29b71016fd346dca13ecb80a2823a
  SlackTextViewController: d490f354dba963bc469a6b9ce3213978eaed67a5
  Valet: b16c837ed1b33586c60d3f852c3a23c2efe5c019

PODFILE CHECKSUM: 5d43148322d94b38a0fb98aa107dc09568db0ab8

COCOAPODS: 1.0.0
