PODS:
  - IQKeyboardManagerSwift (4.0.6)
  - SlackTextViewController (1.9.5)
  - Valet (2.2.3)

DEPENDENCIES:
  - IQKeyboardManagerSwift
  - SlackTextViewController
  - Valet

SPEC CHECKSUMS:
  IQKeyboardManagerSwift: b3015e819559ca76381f87a0833f44d178564603
  SlackTextViewController: fbcdadbb8090673f604484ff5b6eb8d77baed42a
  Valet: c78c7d2e4b2d104d29b9bc62c8f9aa38fbc901eb

PODFILE CHECKSUM: 5d43148322d94b38a0fb98aa107dc09568db0ab8

COCOAPODS: 1.1.1
